// !$*UTF8*$!
{
	archiveVersion = 1;
	classes = {
	};
	objectVersion = 50;
	objects = {

/* Begin PBXBuildFile section */
		9876F67022BFDB5D0014B920 /* AppDelegate.swift in Sources */ = {isa = PBXBuildFile; fileRef = 9876F66F22BFDB5D0014B920 /* AppDelegate.swift */; };
		9876F67222BFDB5D0014B920 /* SceneDelegate.swift in Sources */ = {isa = PBXBuildFile; fileRef = 9876F67122BFDB5D0014B920 /* SceneDelegate.swift */; };
		9876F67422BFDB5D0014B920 /* ContentView.swift in Sources */ = {isa = PBXBuildFile; fileRef = 9876F67322BFDB5D0014B920 /* ContentView.swift */; };
		9876F67622BFDB5E0014B920 /* Assets.xcassets in Resources */ = {isa = PBXBuildFile; fileRef = 9876F67522BFDB5E0014B920 /* Assets.xcassets */; };
		9876F67922BFDB5E0014B920 /* Preview Assets.xcassets in Resources */ = {isa = PBXBuildFile; fileRef = 9876F67822BFDB5E0014B920 /* Preview Assets.xcassets */; };
		9876F67C22BFDB5E0014B920 /* LaunchScreen.storyboard in Resources */ = {isa = PBXBuildFile; fileRef = 9876F67A22BFDB5E0014B920 /* LaunchScreen.storyboard */; };
		9876F68722BFDB5E0014B920 /* rpg_characterTests.swift in Sources */ = {isa = PBXBuildFile; fileRef = 9876F68622BFDB5E0014B920 /* rpg_characterTests.swift */; };
		9876F69222BFDB5F0014B920 /* rpg_characterUITests.swift in Sources */ = {isa = PBXBuildFile; fileRef = 9876F69122BFDB5F0014B920 /* rpg_characterUITests.swift */; };
		9876F6A122BFDB9D0014B920 /* HealthBar.swift in Sources */ = {isa = PBXBuildFile; fileRef = 9876F6A022BFDB9D0014B920 /* HealthBar.swift */; };
/* End PBXBuildFile section */

/* Begin PBXContainerItemProxy section */
		9876F68322BFDB5E0014B920 /* PBXContainerItemProxy */ = {
			isa = PBXContainerItemProxy;
			containerPortal = 9876F66422BFDB5D0014B920 /* Project object */;
			proxyType = 1;
			remoteGlobalIDString = 9876F66B22BFDB5D0014B920;
			remoteInfo = "rpg-character";
		};
		9876F68E22BFDB5F0014B920 /* PBXContainerItemProxy */ = {
			isa = PBXContainerItemProxy;
			containerPortal = 9876F66422BFDB5D0014B920 /* Project object */;
			proxyType = 1;
			remoteGlobalIDString = 9876F66B22BFDB5D0014B920;
			remoteInfo = "rpg-character";
		};
/* End PBXContainerItemProxy section */

/* Begin PBXFileReference section */
		9876F66C22BFDB5D0014B920 /* rpg-character.app */ = {isa = PBXFileReference; explicitFileType = wrapper.application; includeInIndex = 0; path = "rpg-character.app"; sourceTree = BUILT_PRODUCTS_DIR; };
		9876F66F22BFDB5D0014B920 /* AppDelegate.swift */ = {isa = PBXFileReference; lastKnownFileType = sourcecode.swift; path = AppDelegate.swift; sourceTree = "<group>"; };
		9876F67122BFDB5D0014B920 /* SceneDelegate.swift */ = {isa = PBXFileReference; lastKnownFileType = sourcecode.swift; path = SceneDelegate.swift; sourceTree = "<group>"; };
		9876F67322BFDB5D0014B920 /* ContentView.swift */ = {isa = PBXFileReference; lastKnownFileType = sourcecode.swift; path = ContentView.swift; sourceTree = "<group>"; };
		9876F67522BFDB5E0014B920 /* Assets.xcassets */ = {isa = PBXFileReference; lastKnownFileType = folder.assetcatalog; path = Assets.xcassets; sourceTree = "<group>"; };
		9876F67822BFDB5E0014B920 /* Preview Assets.xcassets */ = {isa = PBXFileReference; lastKnownFileType = folder.assetcatalog; path = "Preview Assets.xcassets"; sourceTree = "<group>"; };
		9876F67B22BFDB5E0014B920 /* Base */ = {isa = PBXFileReference; lastKnownFileType = file.storyboard; name = Base; path = Base.lproj/LaunchScreen.storyboard; sourceTree = "<group>"; };
		9876F67D22BFDB5E0014B920 /* Info.plist */ = {isa = PBXFileReference; lastKnownFileType = text.plist.xml; path = Info.plist; sourceTree = "<group>"; };
		9876F68222BFDB5E0014B920 /* rpg-characterTests.xctest */ = {isa = PBXFileReference; explicitFileType = wrapper.cfbundle; includeInIndex = 0; path = "rpg-characterTests.xctest"; sourceTree = BUILT_PRODUCTS_DIR; };
		9876F68622BFDB5E0014B920 /* rpg_characterTests.swift */ = {isa = PBXFileReference; lastKnownFileType = sourcecode.swift; path = rpg_characterTests.swift; sourceTree = "<group>"; };
		9876F68822BFDB5F0014B920 /* Info.plist */ = {isa = PBXFileReference; lastKnownFileType = text.plist.xml; path = Info.plist; sourceTree = "<group>"; };
		9876F68D22BFDB5F0014B920 /* rpg-characterUITests.xctest */ = {isa = PBXFileReference; explicitFileType = wrapper.cfbundle; includeInIndex = 0; path = "rpg-characterUITests.xctest"; sourceTree = BUILT_PRODUCTS_DIR; };
		9876F69122BFDB5F0014B920 /* rpg_characterUITests.swift */ = {isa = PBXFileReference; lastKnownFileType = sourcecode.swift; path = rpg_characterUITests.swift; sourceTree = "<group>"; };
		9876F69322BFDB5F0014B920 /* Info.plist */ = {isa = PBXFileReference; lastKnownFileType = text.plist.xml; path = Info.plist; sourceTree = "<group>"; };
		9876F6A022BFDB9D0014B920 /* HealthBar.swift */ = {isa = PBXFileReference; lastKnownFileType = sourcecode.swift; path = HealthBar.swift; sourceTree = "<group>"; };
/* End PBXFileReference section */

/* Begin PBXFrameworksBuildPhase section */
		9876F66922BFDB5D0014B920 /* Frameworks */ = {
			isa = PBXFrameworksBuildPhase;
			buildActionMask = 2147483647;
			files = (
			);
			runOnlyForDeploymentPostprocessing = 0;
		};
		9876F67F22BFDB5E0014B920 /* Frameworks */ = {
			isa = PBXFrameworksBuildPhase;
			buildActionMask = 2147483647;
			files = (
			);
			runOnlyForDeploymentPostprocessing = 0;
		};
		9876F68A22BFDB5F0014B920 /* Frameworks */ = {
			isa = PBXFrameworksBuildPhase;
			buildActionMask = 2147483647;
			files = (
			);
			runOnlyForDeploymentPostprocessing = 0;
		};
/* End PBXFrameworksBuildPhase section */

/* Begin PBXGroup section */
		9876F66322BFDB5D0014B920 = {
			isa = PBXGroup;
			children = (
				9876F66E22BFDB5D0014B920 /* rpg-character */,
				9876F68522BFDB5E0014B920 /* rpg-characterTests */,
				9876F69022BFDB5F0014B920 /* rpg-characterUITests */,
				9876F66D22BFDB5D0014B920 /* Products */,
			);
			sourceTree = "<group>";
		};
		9876F66D22BFDB5D0014B920 /* Products */ = {
			isa = PBXGroup;
			children = (
				9876F66C22BFDB5D0014B920 /* rpg-character.app */,
				9876F68222BFDB5E0014B920 /* rpg-characterTests.xctest */,
				9876F68D22BFDB5F0014B920 /* rpg-characterUITests.xctest */,
			);
			name = Products;
			sourceTree = "<group>";
		};
		9876F66E22BFDB5D0014B920 /* rpg-character */ = {
			isa = PBXGroup;
			children = (
				9876F69F22BFDB890014B920 /* Component */,
				9876F66F22BFDB5D0014B920 /* AppDelegate.swift */,
				9876F67122BFDB5D0014B920 /* SceneDelegate.swift */,
				9876F67322BFDB5D0014B920 /* ContentView.swift */,
				9876F67522BFDB5E0014B920 /* Assets.xcassets */,
				9876F67A22BFDB5E0014B920 /* LaunchScreen.storyboard */,
				9876F67D22BFDB5E0014B920 /* Info.plist */,
				9876F67722BFDB5E0014B920 /* Preview Content */,
			);
			path = "rpg-character";
			sourceTree = "<group>";
		};
		9876F67722BFDB5E0014B920 /* Preview Content */ = {
			isa = PBXGroup;
			children = (
				9876F67822BFDB5E0014B920 /* Preview Assets.xcassets */,
			);
			path = "Preview Content";
			sourceTree = "<group>";
		};
		9876F68522BFDB5E0014B920 /* rpg-characterTests */ = {
			isa = PBXGroup;
			children = (
				9876F68622BFDB5E0014B920 /* rpg_characterTests.swift */,
				9876F68822BFDB5F0014B920 /* Info.plist */,
			);
			path = "rpg-characterTests";
			sourceTree = "<group>";
		};
		9876F69022BFDB5F0014B920 /* rpg-characterUITests */ = {
			isa = PBXGroup;
			children = (
				9876F69122BFDB5F0014B920 /* rpg_characterUITests.swift */,
				9876F69322BFDB5F0014B920 /* Info.plist */,
			);
			path = "rpg-characterUITests";
			sourceTree = "<group>";
		};
		9876F69F22BFDB890014B920 /* Component */ = {
			isa = PBXGroup;
			children = (
				9876F6A022BFDB9D0014B920 /* HealthBar.swift */,
			);
			path = Component;
			sourceTree = "<group>";
		};
/* End PBXGroup section */

/* Begin PBXNativeTarget section */
		9876F66B22BFDB5D0014B920 /* rpg-character */ = {
			isa = PBXNativeTarget;
			buildConfigurationList = 9876F69622BFDB5F0014B920 /* Build configuration list for PBXNativeTarget "rpg-character" */;
			buildPhases = (
				9876F66822BFDB5D0014B920 /* Sources */,
				9876F66922BFDB5D0014B920 /* Frameworks */,
				9876F66A22BFDB5D0014B920 /* Resources */,
			);
			buildRules = (
			);
			dependencies = (
			);
			name = "rpg-character";
			productName = "rpg-character";
			productReference = 9876F66C22BFDB5D0014B920 /* rpg-character.app */;
			productType = "com.apple.product-type.application";
		};
		9876F68122BFDB5E0014B920 /* rpg-characterTests */ = {
			isa = PBXNativeTarget;
			buildConfigurationList = 9876F69922BFDB5F0014B920 /* Build configuration list for PBXNativeTarget "rpg-characterTests" */;
			buildPhases = (
				9876F67E22BFDB5E0014B920 /* Sources */,
				9876F67F22BFDB5E0014B920 /* Frameworks */,
				9876F68022BFDB5E0014B920 /* Resources */,
			);
			buildRules = (
			);
			dependencies = (
				9876F68422BFDB5E0014B920 /* PBXTargetDependency */,
			);
			name = "rpg-characterTests";
			productName = "rpg-characterTests";
			productReference = 9876F68222BFDB5E0014B920 /* rpg-characterTests.xctest */;
			productType = "com.apple.product-type.bundle.unit-test";
		};
		9876F68C22BFDB5F0014B920 /* rpg-characterUITests */ = {
			isa = PBXNativeTarget;
			buildConfigurationList = 9876F69C22BFDB5F0014B920 /* Build configuration list for PBXNativeTarget "rpg-characterUITests" */;
			buildPhases = (
				9876F68922BFDB5F0014B920 /* Sources */,
				9876F68A22BFDB5F0014B920 /* Frameworks */,
				9876F68B22BFDB5F0014B920 /* Resources */,
			);
			buildRules = (
			);
			dependencies = (
				9876F68F22BFDB5F0014B920 /* PBXTargetDependency */,
			);
			name = "rpg-characterUITests";
			productName = "rpg-characterUITests";
			productReference = 9876F68D22BFDB5F0014B920 /* rpg-characterUITests.xctest */;
			productType = "com.apple.product-type.bundle.ui-testing";
		};
/* End PBXNativeTarget section */

/* Begin PBXProject section */
		9876F66422BFDB5D0014B920 /* Project object */ = {
			isa = PBXProject;
			attributes = {
				LastSwiftUpdateCheck = 1100;
				LastUpgradeCheck = 1100;
				ORGANIZATIONNAME = Tigerhood;
				TargetAttributes = {
					9876F66B22BFDB5D0014B920 = {
						CreatedOnToolsVersion = 11.0;
					};
					9876F68122BFDB5E0014B920 = {
						CreatedOnToolsVersion = 11.0;
						TestTargetID = 9876F66B22BFDB5D0014B920;
					};
					9876F68C22BFDB5F0014B920 = {
						CreatedOnToolsVersion = 11.0;
						TestTargetID = 9876F66B22BFDB5D0014B920;
					};
				};
			};
			buildConfigurationList = 9876F66722BFDB5D0014B920 /* Build configuration list for PBXProject "rpg-character" */;
			compatibilityVersion = "Xcode 9.3";
			developmentRegion = en;
			hasScannedForEncodings = 0;
			knownRegions = (
				en,
				Base,
			);
			mainGroup = 9876F66322BFDB5D0014B920;
			productRefGroup = 9876F66D22BFDB5D0014B920 /* Products */;
			projectDirPath = "";
			projectRoot = "";
			targets = (
				9876F66B22BFDB5D0014B920 /* rpg-character */,
				9876F68122BFDB5E0014B920 /* rpg-characterTests */,
				9876F68C22BFDB5F0014B920 /* rpg-characterUITests */,
			);
		};
/* End PBXProject section */

/* Begin PBXResourcesBuildPhase section */
		9876F66A22BFDB5D0014B920 /* Resources */ = {
			isa = PBXResourcesBuildPhase;
			buildActionMask = 2147483647;
			files = (
				9876F67C22BFDB5E0014B920 /* LaunchScreen.storyboard in Resources */,
				9876F67922BFDB5E0014B920 /* Preview Assets.xcassets in Resources */,
				9876F67622BFDB5E0014B920 /* Assets.xcassets in Resources */,
			);
			runOnlyForDeploymentPostprocessing = 0;
		};
		9876F68022BFDB5E0014B920 /* Resources */ = {
			isa = PBXResourcesBuildPhase;
			buildActionMask = 2147483647;
			files = (
			);
			runOnlyForDeploymentPostprocessing = 0;
		};
		9876F68B22BFDB5F0014B920 /* Resources */ = {
			isa = PBXResourcesBuildPhase;
			buildActionMask = 2147483647;
			files = (
			);
			runOnlyForDeploymentPostprocessing = 0;
		};
/* End PBXResourcesBuildPhase section */

/* Begin PBXSourcesBuildPhase section */
		9876F66822BFDB5D0014B920 /* Sources */ = {
			isa = PBXSourcesBuildPhase;
			buildActionMask = 2147483647;
			files = (
				9876F67022BFDB5D0014B920 /* AppDelegate.swift in Sources */,
				9876F6A122BFDB9D0014B920 /* HealthBar.swift in Sources */,
				9876F67222BFDB5D0014B920 /* SceneDelegate.swift in Sources */,
				9876F67422BFDB5D0014B920 /* ContentView.swift in Sources */,
			);
			runOnlyForDeploymentPostprocessing = 0;
		};
		9876F67E22BFDB5E0014B920 /* Sources */ = {
			isa = PBXSourcesBuildPhase;
			buildActionMask = 2147483647;
			files = (
				9876F68722BFDB5E0014B920 /* rpg_characterTests.swift in Sources */,
			);
			runOnlyForDeploymentPostprocessing = 0;
		};
		9876F68922BFDB5F0014B920 /* Sources */ = {
			isa = PBXSourcesBuildPhase;
			buildActionMask = 2147483647;
			files = (
				9876F69222BFDB5F0014B920 /* rpg_characterUITests.swift in Sources */,
			);
			runOnlyForDeploymentPostprocessing = 0;
		};
/* End PBXSourcesBuildPhase section */

/* Begin PBXTargetDependency section */
		9876F68422BFDB5E0014B920 /* PBXTargetDependency */ = {
			isa = PBXTargetDependency;
			target = 9876F66B22BFDB5D0014B920 /* rpg-character */;
			targetProxy = 9876F68322BFDB5E0014B920 /* PBXContainerItemProxy */;
		};
		9876F68F22BFDB5F0014B920 /* PBXTargetDependency */ = {
			isa = PBXTargetDependency;
			target = 9876F66B22BFDB5D0014B920 /* rpg-character */;
			targetProxy = 9876F68E22BFDB5F0014B920 /* PBXContainerItemProxy */;
		};
/* End PBXTargetDependency section */

/* Begin PBXVariantGroup section */
		9876F67A22BFDB5E0014B920 /* LaunchScreen.storyboard */ = {
			isa = PBXVariantGroup;
			children = (
				9876F67B22BFDB5E0014B920 /* Base */,
			);
			name = LaunchScreen.storyboard;
			sourceTree = "<group>";
		};
/* End PBXVariantGroup section */

/* Begin XCBuildConfiguration section */
		9876F69422BFDB5F0014B920 /* Debug */ = {
			isa = XCBuildConfiguration;
			buildSettings = {
				ALWAYS_SEARCH_USER_PATHS = NO;
				CLANG_ANALYZER_NONNULL = YES;
				CLANG_ANALYZER_NUMBER_OBJECT_CONVERSION = YES_AGGRESSIVE;
				CLANG_CXX_LANGUAGE_STANDARD = "gnu++14";
				CLANG_CXX_LIBRARY = "libc++";
				CLANG_ENABLE_MODULES = YES;
				CLANG_ENABLE_OBJC_ARC = YES;
				CLANG_ENABLE_OBJC_WEAK = YES;
				CLANG_WARN_BLOCK_CAPTURE_AUTORELEASING = YES;
				CLANG_WARN_BOOL_CONVERSION = YES;
				CLANG_WARN_COMMA = YES;
				CLANG_WARN_CONSTANT_CONVERSION = YES;
				CLANG_WARN_DEPRECATED_OBJC_IMPLEMENTATIONS = YES;
				CLANG_WARN_DIRECT_OBJC_ISA_USAGE = YES_ERROR;
				CLANG_WARN_DOCUMENTATION_COMMENTS = YES;
				CLANG_WARN_EMPTY_BODY = YES;
				CLANG_WARN_ENUM_CONVERSION = YES;
				CLANG_WARN_INFINITE_RECURSION = YES;
				CLANG_WARN_INT_CONVERSION = YES;
				CLANG_WARN_NON_LITERAL_NULL_CONVERSION = YES;
				CLANG_WARN_OBJC_IMPLICIT_RETAIN_SELF = YES;
				CLANG_WARN_OBJC_LITERAL_CONVERSION = YES;
				CLANG_WARN_OBJC_ROOT_CLASS = YES_ERROR;
				CLANG_WARN_RANGE_LOOP_ANALYSIS = YES;
				CLANG_WARN_STRICT_PROTOTYPES = YES;
				CLANG_WARN_SUSPICIOUS_MOVE = YES;
				CLANG_WARN_UNGUARDED_AVAILABILITY = YES_AGGRESSIVE;
				CLANG_WARN_UNREACHABLE_CODE = YES;
				CLANG_WARN__DUPLICATE_METHOD_MATCH = YES;
				COPY_PHASE_STRIP = NO;
				DEBUG_INFORMATION_FORMAT = dwarf;
				ENABLE_STRICT_OBJC_MSGSEND = YES;
				ENABLE_TESTABILITY = YES;
				GCC_C_LANGUAGE_STANDARD = gnu11;
				GCC_DYNAMIC_NO_PIC = NO;
				GCC_NO_COMMON_BLOCKS = YES;
				GCC_OPTIMIZATION_LEVEL = 0;
				GCC_PREPROCESSOR_DEFINITIONS = (
					"DEBUG=1",
					"$(inherited)",
				);
				GCC_WARN_64_TO_32_BIT_CONVERSION = YES;
				GCC_WARN_ABOUT_RETURN_TYPE = YES_ERROR;
				GCC_WARN_UNDECLARED_SELECTOR = YES;
				GCC_WARN_UNINITIALIZED_AUTOS = YES_AGGRESSIVE;
				GCC_WARN_UNUSED_FUNCTION = YES;
				GCC_WARN_UNUSED_VARIABLE = YES;
				IPHONEOS_DEPLOYMENT_TARGET = 13.0;
				MTL_ENABLE_DEBUG_INFO = INCLUDE_SOURCE;
				MTL_FAST_MATH = YES;
				ONLY_ACTIVE_ARCH = YES;
				SDKROOT = iphoneos;
				SWIFT_ACTIVE_COMPILATION_CONDITIONS = DEBUG;
				SWIFT_OPTIMIZATION_LEVEL = "-Onone";
			};
			name = Debug;
		};
		9876F69522BFDB5F0014B920 /* Release */ = {
			isa = XCBuildConfiguration;
			buildSettings = {
				ALWAYS_SEARCH_USER_PATHS = NO;
				CLANG_ANALYZER_NONNULL = YES;
				CLANG_ANALYZER_NUMBER_OBJECT_CONVERSION = YES_AGGRESSIVE;
				CLANG_CXX_LANGUAGE_STANDARD = "gnu++14";
				CLANG_CXX_LIBRARY = "libc++";
				CLANG_ENABLE_MODULES = YES;
				CLANG_ENABLE_OBJC_ARC = YES;
				CLANG_ENABLE_OBJC_WEAK = YES;
				CLANG_WARN_BLOCK_CAPTURE_AUTORELEASING = YES;
				CLANG_WARN_BOOL_CONVERSION = YES;
				CLANG_WARN_COMMA = YES;
				CLANG_WARN_CONSTANT_CONVERSION = YES;
				CLANG_WARN_DEPRECATED_OBJC_IMPLEMENTATIONS = YES;
				CLANG_WARN_DIRECT_OBJC_ISA_USAGE = YES_ERROR;
				CLANG_WARN_DOCUMENTATION_COMMENTS = YES;
				CLANG_WARN_EMPTY_BODY = YES;
				CLANG_WARN_ENUM_CONVERSION = YES;
				CLANG_WARN_INFINITE_RECURSION = YES;
				CLANG_WARN_INT_CONVERSION = YES;
				CLANG_WARN_NON_LITERAL_NULL_CONVERSION = YES;
				CLANG_WARN_OBJC_IMPLICIT_RETAIN_SELF = YES;
				CLANG_WARN_OBJC_LITERAL_CONVERSION = YES;
				CLANG_WARN_OBJC_ROOT_CLASS = YES_ERROR;
				CLANG_WARN_RANGE_LOOP_ANALYSIS = YES;
				CLANG_WARN_STRICT_PROTOTYPES = YES;
				CLANG_WARN_SUSPICIOUS_MOVE = YES;
				CLANG_WARN_UNGUARDED_AVAILABILITY = YES_AGGRESSIVE;
				CLANG_WARN_UNREACHABLE_CODE = YES;
				CLANG_WARN__DUPLICATE_METHOD_MATCH = YES;
				COPY_PHASE_STRIP = NO;
				DEBUG_INFORMATION_FORMAT = "dwarf-with-dsym";
				ENABLE_NS_ASSERTIONS = NO;
				ENABLE_STRICT_OBJC_MSGSEND = YES;
				GCC_C_LANGUAGE_STANDARD = gnu11;
				GCC_NO_COMMON_BLOCKS = YES;
				GCC_WARN_64_TO_32_BIT_CONVERSION = YES;
				GCC_WARN_ABOUT_RETURN_TYPE = YES_ERROR;
				GCC_WARN_UNDECLARED_SELECTOR = YES;
				GCC_WARN_UNINITIALIZED_AUTOS = YES_AGGRESSIVE;
				GCC_WARN_UNUSED_FUNCTION = YES;
				GCC_WARN_UNUSED_VARIABLE = YES;
				IPHONEOS_DEPLOYMENT_TARGET = 13.0;
				MTL_ENABLE_DEBUG_INFO = NO;
				MTL_FAST_MATH = YES;
				SDKROOT = iphoneos;
				SWIFT_COMPILATION_MODE = wholemodule;
				SWIFT_OPTIMIZATION_LEVEL = "-O";
				VALIDATE_PRODUCT = YES;
			};
			name = Release;
		};
		9876F69722BFDB5F0014B920 /* Debug */ = {
			isa = XCBuildConfiguration;
			buildSettings = {
				ASSETCATALOG_COMPILER_APPICON_NAME = AppIcon;
				CODE_SIGN_STYLE = Automatic;
				DEVELOPMENT_ASSET_PATHS = "rpg-character/Preview\\ Content";
				ENABLE_PREVIEWS = YES;
				INFOPLIST_FILE = "rpg-character/Info.plist";
				LD_RUNPATH_SEARCH_PATHS = (
					"$(inherited)",
					"@executable_path/Frameworks",
				);
				PRODUCT_BUNDLE_IDENTIFIER = "com.tigerhood.rpg-character";
				PRODUCT_NAME = "$(TARGET_NAME)";
				SWIFT_VERSION = 5.0;
				TARGETED_DEVICE_FAMILY = "1,2";
			};
			name = Debug;
		};
		9876F69822BFDB5F0014B920 /* Release */ = {
			isa = XCBuildConfiguration;
			buildSettings = {
				ASSETCATALOG_COMPILER_APPICON_NAME = AppIcon;
				CODE_SIGN_STYLE = Automatic;
				DEVELOPMENT_ASSET_PATHS = "rpg-character/Preview\\ Content";
				ENABLE_PREVIEWS = YES;
				INFOPLIST_FILE = "rpg-character/Info.plist";
				LD_RUNPATH_SEARCH_PATHS = (
					"$(inherited)",
					"@executable_path/Frameworks",
				);
				PRODUCT_BUNDLE_IDENTIFIER = "com.tigerhood.rpg-character";
				PRODUCT_NAME = "$(TARGET_NAME)";
				SWIFT_VERSION = 5.0;
				TARGETED_DEVICE_FAMILY = "1,2";
			};
			name = Release;
		};
		9876F69A22BFDB5F0014B920 /* Debug */ = {
			isa = XCBuildConfiguration;
			buildSettings = {
				ALWAYS_EMBED_SWIFT_STANDARD_LIBRARIES = YES;
				BUNDLE_LOADER = "$(TEST_HOST)";
				CODE_SIGN_STYLE = Automatic;
				INFOPLIST_FILE = "rpg-characterTests/Info.plist";
				LD_RUNPATH_SEARCH_PATHS = (
					"$(inherited)",
					"@executable_path/Frameworks",
					"@loader_path/Frameworks",
				);
				PRODUCT_BUNDLE_IDENTIFIER = "com.tigerhood.rpg-characterTests";
				PRODUCT_NAME = "$(TARGET_NAME)";
				SWIFT_VERSION = 5.0;
				TARGETED_DEVICE_FAMILY = "1,2";
				TEST_HOST = "$(BUILT_PRODUCTS_DIR)/rpg-character.app/rpg-character";
			};
			name = Debug;
		};
		9876F69B22BFDB5F0014B920 /* Release */ = {
			isa = XCBuildConfiguration;
			buildSettings = {
				ALWAYS_EMBED_SWIFT_STANDARD_LIBRARIES = YES;
				BUNDLE_LOADER = "$(TEST_HOST)";
				CODE_SIGN_STYLE = Automatic;
				INFOPLIST_FILE = "rpg-characterTests/Info.plist";
				LD_RUNPATH_SEARCH_PATHS = (
					"$(inherited)",
					"@executable_path/Frameworks",
					"@loader_path/Frameworks",
				);
				PRODUCT_BUNDLE_IDENTIFIER = "com.tigerhood.rpg-characterTests";
				PRODUCT_NAME = "$(TARGET_NAME)";
				SWIFT_VERSION = 5.0;
				TARGETED_DEVICE_FAMILY = "1,2";
				TEST_HOST = "$(BUILT_PRODUCTS_DIR)/rpg-character.app/rpg-character";
			};
			name = Release;
		};
		9876F69D22BFDB5F0014B920 /* Debug */ = {
			isa = XCBuildConfiguration;
			buildSettings = {
				ALWAYS_EMBED_SWIFT_STANDARD_LIBRARIES = YES;
				CODE_SIGN_STYLE = Automatic;
				INFOPLIST_FILE = "rpg-characterUITests/Info.plist";
				LD_RUNPATH_SEARCH_PATHS = (
					"$(inherited)",
					"@executable_path/Frameworks",
					"@loader_path/Frameworks",
				);
				PRODUCT_BUNDLE_IDENTIFIER = "com.tigerhood.rpg-characterUITests";
				PRODUCT_NAME = "$(TARGET_NAME)";
				SWIFT_VERSION = 5.0;
				TARGETED_DEVICE_FAMILY = "1,2";
				TEST_TARGET_NAME = "rpg-character";
			};
			name = Debug;
		};
		9876F69E22BFDB5F0014B920 /* Release */ = {
			isa = XCBuildConfiguration;
			buildSettings = {
				ALWAYS_EMBED_SWIFT_STANDARD_LIBRARIES = YES;
				CODE_SIGN_STYLE = Automatic;
				INFOPLIST_FILE = "rpg-characterUITests/Info.plist";
				LD_RUNPATH_SEARCH_PATHS = (
					"$(inherited)",
					"@executable_path/Frameworks",
					"@loader_path/Frameworks",
				);
				PRODUCT_BUNDLE_IDENTIFIER = "com.tigerhood.rpg-characterUITests";
				PRODUCT_NAME = "$(TARGET_NAME)";
				SWIFT_VERSION = 5.0;
				TARGETED_DEVICE_FAMILY = "1,2";
				TEST_TARGET_NAME = "rpg-character";
			};
			name = Release;
		};
/* End XCBuildConfiguration section */

/* Begin XCConfigurationList section */
		9876F66722BFDB5D0014B920 /* Build configuration list for PBXProject "rpg-character" */ = {
			isa = XCConfigurationList;
			buildConfigurations = (
				9876F69422BFDB5F0014B920 /* Debug */,
				9876F69522BFDB5F0014B920 /* Release */,
			);
			defaultConfigurationIsVisible = 0;
			defaultConfigurationName = Release;
		};
		9876F69622BFDB5F0014B920 /* Build configuration list for PBXNativeTarget "rpg-character" */ = {
			isa = XCConfigurationList;
			buildConfigurations = (
				9876F69722BFDB5F0014B920 /* Debug */,
				9876F69822BFDB5F0014B920 /* Release */,
			);
			defaultConfigurationIsVisible = 0;
			defaultConfigurationName = Release;
		};
		9876F69922BFDB5F0014B920 /* Build configuration list for PBXNativeTarget "rpg-characterTests" */ = {
			isa = XCConfigurationList;
			buildConfigurations = (
				9876F69A22BFDB5F0014B920 /* Debug */,
				9876F69B22BFDB5F0014B920 /* Release */,
			);
			defaultConfigurationIsVisible = 0;
			defaultConfigurationName = Release;
		};
		9876F69C22BFDB5F0014B920 /* Build configuration list for PBXNativeTarget "rpg-characterUITests" */ = {
			isa = XCConfigurationList;
			buildConfigurations = (
				9876F69D22BFDB5F0014B920 /* Debug */,
				9876F69E22BFDB5F0014B920 /* Release */,
			);
			defaultConfigurationIsVisible = 0;
			defaultConfigurationName = Release;
		};
/* End XCConfigurationList section */
	};
	rootObject = 9876F66422BFDB5D0014B920 /* Project object */;
}
